
Microsoft Visual Studio Solution File, Format Version 12.00
# Visual Studio 15
VisualStudioVersion = 15.0.27004.2010
MinimumVisualStudioVersion = 10.0.40219.1
Project("{8BC9CEB8-8B4A-11D0-8D11-00A0C91BC942}") = "part1", "part1\part1.vcxproj", "{15A22F5A-7140-48A3-A5D2-408F392ABBC7}"
EndProject
Project("{8BC9CEB8-8B4A-11D0-8D11-00A0C91BC942}") = "part2", "part2\part2.vcxproj", "{E3A843BD-1BA4-4A17-A13C-CEC542E4D53B}"
EndProject
Global
	GlobalSection(SolutionConfigurationPlatforms) = preSolution
		Debug|x64 = Debug|x64
		Debug|x86 = Debug|x86
		Release|x64 = Release|x64
		Release|x86 = Release|x86
	EndGlobalSection
	GlobalSection(ProjectConfigurationPlatforms) = postSolution
		{15A22F5A-7140-48A3-A5D2-408F392ABBC7}.Debug|x64.ActiveCfg = Debug|x64
		{15A22F5A-7140-48A3-A5D2-408F392ABBC7}.Debug|x64.Build.0 = Debug|x64
		{15A22F5A-7140-48A3-A5D2-408F392ABBC7}.Debug|x86.ActiveCfg = Debug|Win32
		{15A22F5A-7140-48A3-A5D2-408F392ABBC7}.Debug|x86.Build.0 = Debug|Win32
		{15A22F5A-7140-48A3-A5D2-408F392ABBC7}.Release|x64.ActiveCfg = Release|x64
		{15A22F5A-7140-48A3-A5D2-408F392ABBC7}.Release|x64.Build.0 = Release|x64
		{15A22F5A-7140-48A3-A5D2-408F392ABBC7}.Release|x86.ActiveCfg = Release|Win32
		{15A22F5A-7140-48A3-A5D2-408F392ABBC7}.Release|x86.Build.0 = Release|Win32
		{E3A843BD-1BA4-4A17-A13C-CEC542E4D53B}.Debug|x64.ActiveCfg = Debug|x64
		{E3A843BD-1BA4-4A17-A13C-CEC542E4D53B}.Debug|x64.Build.0 = Debug|x64
		{E3A843BD-1BA4-4A17-A13C-CEC542E4D53B}.Debug|x86.ActiveCfg = Debug|Win32
		{E3A843BD-1BA4-4A17-A13C-CEC542E4D53B}.Debug|x86.Build.0 = Debug|Win32
		{E3A843BD-1BA4-4A17-A13C-CEC542E4D53B}.Release|x64.ActiveCfg = Release|x64
		{E3A843BD-1BA4-4A17-A13C-CEC542E4D53B}.Release|x64.Build.0 = Release|x64
		{E3A843BD-1BA4-4A17-A13C-CEC542E4D53B}.Release|x86.ActiveCfg = Release|Win32
		{E3A843BD-1BA4-4A17-A13C-CEC542E4D53B}.Release|x86.Build.0 = Release|Win32
	EndGlobalSection
	GlobalSection(SolutionProperties) = preSolution
		HideSolutionNode = FALSE
	EndGlobalSection
	GlobalSection(ExtensibilityGlobals) = postSolution
		SolutionGuid = {BE9ECE80-D976-47D7-8351-77E06C433AFA}
	EndGlobalSection
EndGlobal
